
Microsoft Visual Studio Solution File, Format Version 12.00
# Visual Studio Version 17
VisualStudioVersion = 17.10.34928.147
MinimumVisualStudioVersion = 10.0.40219.1
Project("{9A19103F-16F7-4668-BE54-9A1E7A4F7556}") = "PS3Lib-Remastered", "PS3Lib\PS3Lib-Remastered.csproj", "{77F4A5C5-A17D-4E9A-B722-67A8A939F01B}"
EndProject
Global
	GlobalSection(SolutionConfigurationPlatforms) = preSolution
		Debug|Any CPU = Debug|Any CPU
		Release|Any CPU = Release|Any CPU
	EndGlobalSection
	GlobalSection(ProjectConfigurationPlatforms) = postSolution
		{77F4A5C5-A17D-4E9A-B722-67A8A939F01B}.Debug|Any CPU.ActiveCfg = Debug|Any CPU
		{77F4A5C5-A17D-4E9A-B722-67A8A939F01B}.Debug|Any CPU.Build.0 = Debug|Any CPU
		{77F4A5C5-A17D-4E9A-B722-67A8A939F01B}.Release|Any CPU.ActiveCfg = Release|Any CPU
		{77F4A5C5-A17D-4E9A-B722-67A8A939F01B}.Release|Any CPU.Build.0 = Release|Any CPU
	EndGlobalSection
	GlobalSection(SolutionProperties) = preSolution
		HideSolutionNode = FALSE
	EndGlobalSection
	GlobalSection(ExtensibilityGlobals) = postSolution
		SolutionGuid = {B4D1C498-BC70-40E3-9D4C-7BD94DDFDEB8}
	EndGlobalSection
EndGlobal
